{
  "requires": true,
  "lockfileVersion": 1,
  "dependencies": {
    "hmos-neumorphism": {
      "version": "1.0.8",
      "resolved": "https://registry.npmjs.org/hmos-neumorphism/-/hmos-neumorphism-1.0.8.tgz",
      "integrity": "sha512-6N34cA4wxeyXmmx4hHPBH2Kxd4uqiJ0IYEAAg53Oawj6kW299Dsc8Mua6tQbNI6mlNIgZlulCzdNo4c99jpBgQ=="
    }
  }
}
