{
  "name": "pages",
  "version": "1.0.0",
  "lockfileVersion": 1,
  "requires": true,
  "dependencies": {
    "hmos-neumorphism": {
      "version": "1.0.7",
      "resolved": "https://registry.npmjs.org/hmos-neumorphism/-/hmos-neumorphism-1.0.7.tgz",
      "integrity": "sha512-l0VIPyktiNqTyLvbXEi7eR3pna9BFFDjHJQlrHfhn5/ptUSi/klCmRTW/g+SotRQtZs3lekeFr44ejM65P0ttw=="
    }
  }
}
